// !$*UTF8*$!
{
	archiveVersion = 1;
	classes = {
	};
	objectVersion = 56;
	objects = {

/* Begin PBXBuildFile section */
		9BC397042BCD418900FCFAEA /* AppDelegate.swift in Sources */ = {isa = PBXBuildFile; fileRef = 9BC397032BCD418900FCFAEA /* AppDelegate.swift */; };
		9BC397062BCD418900FCFAEA /* SceneDelegate.swift in Sources */ = {isa = PBXBuildFile; fileRef = 9BC397052BCD418900FCFAEA /* SceneDelegate.swift */; };
		9BC397082BCD418900FCFAEA /* ViewController.swift in Sources */ = {isa = PBXBuildFile; fileRef = 9BC397072BCD418900FCFAEA /* ViewController.swift */; };
		9BC3970B2BCD418900FCFAEA /* Main.storyboard in Resources */ = {isa = PBXBuildFile; fileRef = 9BC397092BCD418900FCFAEA /* Main.storyboard */; };
		9BC3970D2BCD418A00FCFAEA /* Assets.xcassets in Resources */ = {isa = PBXBuildFile; fileRef = 9BC3970C2BCD418A00FCFAEA /* Assets.xcassets */; };
		9BC397102BCD418A00FCFAEA /* LaunchScreen.storyboard in Resources */ = {isa = PBXBuildFile; fileRef = 9BC3970E2BCD418A00FCFAEA /* LaunchScreen.storyboard */; };
		9BC3971B2BCD418A00FCFAEA /* re_motiTests.swift in Sources */ = {isa = PBXBuildFile; fileRef = 9BC3971A2BCD418A00FCFAEA /* re_motiTests.swift */; };
		9BC397252BCD418A00FCFAEA /* re_motiUITests.swift in Sources */ = {isa = PBXBuildFile; fileRef = 9BC397242BCD418A00FCFAEA /* re_motiUITests.swift */; };
		9BC397272BCD418A00FCFAEA /* re_motiUITestsLaunchTests.swift in Sources */ = {isa = PBXBuildFile; fileRef = 9BC397262BCD418A00FCFAEA /* re_motiUITestsLaunchTests.swift */; };
/* End PBXBuildFile section */

/* Begin PBXContainerItemProxy section */
		9BC397172BCD418A00FCFAEA /* PBXContainerItemProxy */ = {
			isa = PBXContainerItemProxy;
			containerPortal = 9BC396F82BCD418900FCFAEA /* Project object */;
			proxyType = 1;
			remoteGlobalIDString = 9BC396FF2BCD418900FCFAEA;
			remoteInfo = "re:moti";
		};
		9BC397212BCD418A00FCFAEA /* PBXContainerItemProxy */ = {
			isa = PBXContainerItemProxy;
			containerPortal = 9BC396F82BCD418900FCFAEA /* Project object */;
			proxyType = 1;
			remoteGlobalIDString = 9BC396FF2BCD418900FCFAEA;
			remoteInfo = "re:moti";
		};
/* End PBXContainerItemProxy section */

/* Begin PBXFileReference section */
		9BC397002BCD418900FCFAEA /* re:moti.app */ = {isa = PBXFileReference; explicitFileType = wrapper.application; includeInIndex = 0; path = "re:moti.app"; sourceTree = BUILT_PRODUCTS_DIR; };
		9BC397032BCD418900FCFAEA /* AppDelegate.swift */ = {isa = PBXFileReference; lastKnownFileType = sourcecode.swift; path = AppDelegate.swift; sourceTree = "<group>"; };
		9BC397052BCD418900FCFAEA /* SceneDelegate.swift */ = {isa = PBXFileReference; lastKnownFileType = sourcecode.swift; path = SceneDelegate.swift; sourceTree = "<group>"; };
		9BC397072BCD418900FCFAEA /* ViewController.swift */ = {isa = PBXFileReference; lastKnownFileType = sourcecode.swift; path = ViewController.swift; sourceTree = "<group>"; };
		9BC3970A2BCD418900FCFAEA /* Base */ = {isa = PBXFileReference; lastKnownFileType = file.storyboard; name = Base; path = Base.lproj/Main.storyboard; sourceTree = "<group>"; };
		9BC3970C2BCD418A00FCFAEA /* Assets.xcassets */ = {isa = PBXFileReference; lastKnownFileType = folder.assetcatalog; path = Assets.xcassets; sourceTree = "<group>"; };
		9BC3970F2BCD418A00FCFAEA /* Base */ = {isa = PBXFileReference; lastKnownFileType = file.storyboard; name = Base; path = Base.lproj/LaunchScreen.storyboard; sourceTree = "<group>"; };
		9BC397112BCD418A00FCFAEA /* Info.plist */ = {isa = PBXFileReference; lastKnownFileType = text.plist.xml; path = Info.plist; sourceTree = "<group>"; };
		9BC397162BCD418A00FCFAEA /* re:motiTests.xctest */ = {isa = PBXFileReference; explicitFileType = wrapper.cfbundle; includeInIndex = 0; path = "re:motiTests.xctest"; sourceTree = BUILT_PRODUCTS_DIR; };
		9BC3971A2BCD418A00FCFAEA /* re_motiTests.swift */ = {isa = PBXFileReference; lastKnownFileType = sourcecode.swift; path = re_motiTests.swift; sourceTree = "<group>"; };
		9BC397202BCD418A00FCFAEA /* re:motiUITests.xctest */ = {isa = PBXFileReference; explicitFileType = wrapper.cfbundle; includeInIndex = 0; path = "re:motiUITests.xctest"; sourceTree = BUILT_PRODUCTS_DIR; };
		9BC397242BCD418A00FCFAEA /* re_motiUITests.swift */ = {isa = PBXFileReference; lastKnownFileType = sourcecode.swift; path = re_motiUITests.swift; sourceTree = "<group>"; };
		9BC397262BCD418A00FCFAEA /* re_motiUITestsLaunchTests.swift */ = {isa = PBXFileReference; lastKnownFileType = sourcecode.swift; path = re_motiUITestsLaunchTests.swift; sourceTree = "<group>"; };
/* End PBXFileReference section */

/* Begin PBXFrameworksBuildPhase section */
		9BC396FD2BCD418900FCFAEA /* Frameworks */ = {
			isa = PBXFrameworksBuildPhase;
			buildActionMask = 2147483647;
			files = (
			);
			runOnlyForDeploymentPostprocessing = 0;
		};
		9BC397132BCD418A00FCFAEA /* Frameworks */ = {
			isa = PBXFrameworksBuildPhase;
			buildActionMask = 2147483647;
			files = (
			);
			runOnlyForDeploymentPostprocessing = 0;
		};
		9BC3971D2BCD418A00FCFAEA /* Frameworks */ = {
			isa = PBXFrameworksBuildPhase;
			buildActionMask = 2147483647;
			files = (
			);
			runOnlyForDeploymentPostprocessing = 0;
		};
/* End PBXFrameworksBuildPhase section */

/* Begin PBXGroup section */
		9BC396F72BCD418900FCFAEA = {
			isa = PBXGroup;
			children = (
				9BC397022BCD418900FCFAEA /* re:moti */,
				9BC397192BCD418A00FCFAEA /* re:motiTests */,
				9BC397232BCD418A00FCFAEA /* re:motiUITests */,
				9BC397012BCD418900FCFAEA /* Products */,
			);
			sourceTree = "<group>";
		};
		9BC397012BCD418900FCFAEA /* Products */ = {
			isa = PBXGroup;
			children = (
				9BC397002BCD418900FCFAEA /* re:moti.app */,
				9BC397162BCD418A00FCFAEA /* re:motiTests.xctest */,
				9BC397202BCD418A00FCFAEA /* re:motiUITests.xctest */,
			);
			name = Products;
			sourceTree = "<group>";
		};
		9BC397022BCD418900FCFAEA /* re:moti */ = {
			isa = PBXGroup;
			children = (
				9BC397032BCD418900FCFAEA /* AppDelegate.swift */,
				9BC397052BCD418900FCFAEA /* SceneDelegate.swift */,
				9BC397072BCD418900FCFAEA /* ViewController.swift */,
				9BC397092BCD418900FCFAEA /* Main.storyboard */,
				9BC3970C2BCD418A00FCFAEA /* Assets.xcassets */,
				9BC3970E2BCD418A00FCFAEA /* LaunchScreen.storyboard */,
				9BC397112BCD418A00FCFAEA /* Info.plist */,
			);
			path = "re:moti";
			sourceTree = "<group>";
		};
		9BC397192BCD418A00FCFAEA /* re:motiTests */ = {
			isa = PBXGroup;
			children = (
				9BC3971A2BCD418A00FCFAEA /* re_motiTests.swift */,
			);
			path = "re:motiTests";
			sourceTree = "<group>";
		};
		9BC397232BCD418A00FCFAEA /* re:motiUITests */ = {
			isa = PBXGroup;
			children = (
				9BC397242BCD418A00FCFAEA /* re_motiUITests.swift */,
				9BC397262BCD418A00FCFAEA /* re_motiUITestsLaunchTests.swift */,
			);
			path = "re:motiUITests";
			sourceTree = "<group>";
		};
/* End PBXGroup section */

/* Begin PBXNativeTarget section */
		9BC396FF2BCD418900FCFAEA /* re:moti */ = {
			isa = PBXNativeTarget;
			buildConfigurationList = 9BC3972A2BCD418A00FCFAEA /* Build configuration list for PBXNativeTarget "re:moti" */;
			buildPhases = (
				9BC396FC2BCD418900FCFAEA /* Sources */,
				9BC396FD2BCD418900FCFAEA /* Frameworks */,
				9BC396FE2BCD418900FCFAEA /* Resources */,
			);
			buildRules = (
			);
			dependencies = (
			);
			name = "re:moti";
			productName = "re:moti";
			productReference = 9BC397002BCD418900FCFAEA /* re:moti.app */;
			productType = "com.apple.product-type.application";
		};
		9BC397152BCD418A00FCFAEA /* re:motiTests */ = {
			isa = PBXNativeTarget;
			buildConfigurationList = 9BC3972D2BCD418A00FCFAEA /* Build configuration list for PBXNativeTarget "re:motiTests" */;
			buildPhases = (
				9BC397122BCD418A00FCFAEA /* Sources */,
				9BC397132BCD418A00FCFAEA /* Frameworks */,
				9BC397142BCD418A00FCFAEA /* Resources */,
			);
			buildRules = (
			);
			dependencies = (
				9BC397182BCD418A00FCFAEA /* PBXTargetDependency */,
			);
			name = "re:motiTests";
			productName = "re:motiTests";
			productReference = 9BC397162BCD418A00FCFAEA /* re:motiTests.xctest */;
			productType = "com.apple.product-type.bundle.unit-test";
		};
		9BC3971F2BCD418A00FCFAEA /* re:motiUITests */ = {
			isa = PBXNativeTarget;
			buildConfigurationList = 9BC397302BCD418A00FCFAEA /* Build configuration list for PBXNativeTarget "re:motiUITests" */;
			buildPhases = (
				9BC3971C2BCD418A00FCFAEA /* Sources */,
				9BC3971D2BCD418A00FCFAEA /* Frameworks */,
				9BC3971E2BCD418A00FCFAEA /* Resources */,
			);
			buildRules = (
			);
			dependencies = (
				9BC397222BCD418A00FCFAEA /* PBXTargetDependency */,
			);
			name = "re:motiUITests";
			productName = "re:motiUITests";
			productReference = 9BC397202BCD418A00FCFAEA /* re:motiUITests.xctest */;
			productType = "com.apple.product-type.bundle.ui-testing";
		};
/* End PBXNativeTarget section */

/* Begin PBXProject section */
		9BC396F82BCD418900FCFAEA /* Project object */ = {
			isa = PBXProject;
			attributes = {
				BuildIndependentTargetsInParallel = 1;
				LastSwiftUpdateCheck = 1500;
				LastUpgradeCheck = 1500;
				TargetAttributes = {
					9BC396FF2BCD418900FCFAEA = {
						CreatedOnToolsVersion = 15.0;
					};
					9BC397152BCD418A00FCFAEA = {
						CreatedOnToolsVersion = 15.0;
						TestTargetID = 9BC396FF2BCD418900FCFAEA;
					};
					9BC3971F2BCD418A00FCFAEA = {
						CreatedOnToolsVersion = 15.0;
						TestTargetID = 9BC396FF2BCD418900FCFAEA;
					};
				};
			};
			buildConfigurationList = 9BC396FB2BCD418900FCFAEA /* Build configuration list for PBXProject "re:moti" */;
			compatibilityVersion = "Xcode 14.0";
			developmentRegion = en;
			hasScannedForEncodings = 0;
			knownRegions = (
				en,
				Base,
			);
			mainGroup = 9BC396F72BCD418900FCFAEA;
			productRefGroup = 9BC397012BCD418900FCFAEA /* Products */;
			projectDirPath = "";
			projectRoot = "";
			targets = (
				9BC396FF2BCD418900FCFAEA /* re:moti */,
				9BC397152BCD418A00FCFAEA /* re:motiTests */,
				9BC3971F2BCD418A00FCFAEA /* re:motiUITests */,
			);
		};
/* End PBXProject section */

/* Begin PBXResourcesBuildPhase section */
		9BC396FE2BCD418900FCFAEA /* Resources */ = {
			isa = PBXResourcesBuildPhase;
			buildActionMask = 2147483647;
			files = (
				9BC397102BCD418A00FCFAEA /* LaunchScreen.storyboard in Resources */,
				9BC3970D2BCD418A00FCFAEA /* Assets.xcassets in Resources */,
				9BC3970B2BCD418900FCFAEA /* Main.storyboard in Resources */,
			);
			runOnlyForDeploymentPostprocessing = 0;
		};
		9BC397142BCD418A00FCFAEA /* Resources */ = {
			isa = PBXResourcesBuildPhase;
			buildActionMask = 2147483647;
			files = (
			);
			runOnlyForDeploymentPostprocessing = 0;
		};
		9BC3971E2BCD418A00FCFAEA /* Resources */ = {
			isa = PBXResourcesBuildPhase;
			buildActionMask = 2147483647;
			files = (
			);
			runOnlyForDeploymentPostprocessing = 0;
		};
/* End PBXResourcesBuildPhase section */

/* Begin PBXSourcesBuildPhase section */
		9BC396FC2BCD418900FCFAEA /* Sources */ = {
			isa = PBXSourcesBuildPhase;
			buildActionMask = 2147483647;
			files = (
				9BC397082BCD418900FCFAEA /* ViewController.swift in Sources */,
				9BC397042BCD418900FCFAEA /* AppDelegate.swift in Sources */,
				9BC397062BCD418900FCFAEA /* SceneDelegate.swift in Sources */,
			);
			runOnlyForDeploymentPostprocessing = 0;
		};
		9BC397122BCD418A00FCFAEA /* Sources */ = {
			isa = PBXSourcesBuildPhase;
			buildActionMask = 2147483647;
			files = (
				9BC3971B2BCD418A00FCFAEA /* re_motiTests.swift in Sources */,
			);
			runOnlyForDeploymentPostprocessing = 0;
		};
		9BC3971C2BCD418A00FCFAEA /* Sources */ = {
			isa = PBXSourcesBuildPhase;
			buildActionMask = 2147483647;
			files = (
				9BC397272BCD418A00FCFAEA /* re_motiUITestsLaunchTests.swift in Sources */,
				9BC397252BCD418A00FCFAEA /* re_motiUITests.swift in Sources */,
			);
			runOnlyForDeploymentPostprocessing = 0;
		};
/* End PBXSourcesBuildPhase section */

/* Begin PBXTargetDependency section */
		9BC397182BCD418A00FCFAEA /* PBXTargetDependency */ = {
			isa = PBXTargetDependency;
			target = 9BC396FF2BCD418900FCFAEA /* re:moti */;
			targetProxy = 9BC397172BCD418A00FCFAEA /* PBXContainerItemProxy */;
		};
		9BC397222BCD418A00FCFAEA /* PBXTargetDependency */ = {
			isa = PBXTargetDependency;
			target = 9BC396FF2BCD418900FCFAEA /* re:moti */;
			targetProxy = 9BC397212BCD418A00FCFAEA /* PBXContainerItemProxy */;
		};
/* End PBXTargetDependency section */

/* Begin PBXVariantGroup section */
		9BC397092BCD418900FCFAEA /* Main.storyboard */ = {
			isa = PBXVariantGroup;
			children = (
				9BC3970A2BCD418900FCFAEA /* Base */,
			);
			name = Main.storyboard;
			sourceTree = "<group>";
		};
		9BC3970E2BCD418A00FCFAEA /* LaunchScreen.storyboard */ = {
			isa = PBXVariantGroup;
			children = (
				9BC3970F2BCD418A00FCFAEA /* Base */,
			);
			name = LaunchScreen.storyboard;
			sourceTree = "<group>";
		};
/* End PBXVariantGroup section */

/* Begin XCBuildConfiguration section */
		9BC397282BCD418A00FCFAEA /* Debug */ = {
			isa = XCBuildConfiguration;
			buildSettings = {
				ALWAYS_SEARCH_USER_PATHS = NO;
				ASSETCATALOG_COMPILER_GENERATE_SWIFT_ASSET_SYMBOL_EXTENSIONS = YES;
				CLANG_ANALYZER_NONNULL = YES;
				CLANG_ANALYZER_NUMBER_OBJECT_CONVERSION = YES_AGGRESSIVE;
				CLANG_CXX_LANGUAGE_STANDARD = "gnu++20";
				CLANG_ENABLE_MODULES = YES;
				CLANG_ENABLE_OBJC_ARC = YES;
				CLANG_ENABLE_OBJC_WEAK = YES;
				CLANG_WARN_BLOCK_CAPTURE_AUTORELEASING = YES;
				CLANG_WARN_BOOL_CONVERSION = YES;
				CLANG_WARN_COMMA = YES;
				CLANG_WARN_CONSTANT_CONVERSION = YES;
				CLANG_WARN_DEPRECATED_OBJC_IMPLEMENTATIONS = YES;
				CLANG_WARN_DIRECT_OBJC_ISA_USAGE = YES_ERROR;
				CLANG_WARN_DOCUMENTATION_COMMENTS = YES;
				CLANG_WARN_EMPTY_BODY = YES;
				CLANG_WARN_ENUM_CONVERSION = YES;
				CLANG_WARN_INFINITE_RECURSION = YES;
				CLANG_WARN_INT_CONVERSION = YES;
				CLANG_WARN_NON_LITERAL_NULL_CONVERSION = YES;
				CLANG_WARN_OBJC_IMPLICIT_RETAIN_SELF = YES;
				CLANG_WARN_OBJC_LITERAL_CONVERSION = YES;
				CLANG_WARN_OBJC_ROOT_CLASS = YES_ERROR;
				CLANG_WARN_QUOTED_INCLUDE_IN_FRAMEWORK_HEADER = YES;
				CLANG_WARN_RANGE_LOOP_ANALYSIS = YES;
				CLANG_WARN_STRICT_PROTOTYPES = YES;
				CLANG_WARN_SUSPICIOUS_MOVE = YES;
				CLANG_WARN_UNGUARDED_AVAILABILITY = YES_AGGRESSIVE;
				CLANG_WARN_UNREACHABLE_CODE = YES;
				CLANG_WARN__DUPLICATE_METHOD_MATCH = YES;
				COPY_PHASE_STRIP = NO;
				DEBUG_INFORMATION_FORMAT = dwarf;
				ENABLE_STRICT_OBJC_MSGSEND = YES;
				ENABLE_TESTABILITY = YES;
				ENABLE_USER_SCRIPT_SANDBOXING = YES;
				GCC_C_LANGUAGE_STANDARD = gnu17;
				GCC_DYNAMIC_NO_PIC = NO;
				GCC_NO_COMMON_BLOCKS = YES;
				GCC_OPTIMIZATION_LEVEL = 0;
				GCC_PREPROCESSOR_DEFINITIONS = (
					"DEBUG=1",
					"$(inherited)",
				);
				GCC_WARN_64_TO_32_BIT_CONVERSION = YES;
				GCC_WARN_ABOUT_RETURN_TYPE = YES_ERROR;
				GCC_WARN_UNDECLARED_SELECTOR = YES;
				GCC_WARN_UNINITIALIZED_AUTOS = YES_AGGRESSIVE;
				GCC_WARN_UNUSED_FUNCTION = YES;
				GCC_WARN_UNUSED_VARIABLE = YES;
				IPHONEOS_DEPLOYMENT_TARGET = 17.0;
				LOCALIZATION_PREFERS_STRING_CATALOGS = YES;
				MTL_ENABLE_DEBUG_INFO = INCLUDE_SOURCE;
				MTL_FAST_MATH = YES;
				ONLY_ACTIVE_ARCH = YES;
				SDKROOT = iphoneos;
				SWIFT_ACTIVE_COMPILATION_CONDITIONS = "DEBUG $(inherited)";
				SWIFT_OPTIMIZATION_LEVEL = "-Onone";
			};
			name = Debug;
		};
		9BC397292BCD418A00FCFAEA /* Release */ = {
			isa = XCBuildConfiguration;
			buildSettings = {
				ALWAYS_SEARCH_USER_PATHS = NO;
				ASSETCATALOG_COMPILER_GENERATE_SWIFT_ASSET_SYMBOL_EXTENSIONS = YES;
				CLANG_ANALYZER_NONNULL = YES;
				CLANG_ANALYZER_NUMBER_OBJECT_CONVERSION = YES_AGGRESSIVE;
				CLANG_CXX_LANGUAGE_STANDARD = "gnu++20";
				CLANG_ENABLE_MODULES = YES;
				CLANG_ENABLE_OBJC_ARC = YES;
				CLANG_ENABLE_OBJC_WEAK = YES;
				CLANG_WARN_BLOCK_CAPTURE_AUTORELEASING = YES;
				CLANG_WARN_BOOL_CONVERSION = YES;
				CLANG_WARN_COMMA = YES;
				CLANG_WARN_CONSTANT_CONVERSION = YES;
				CLANG_WARN_DEPRECATED_OBJC_IMPLEMENTATIONS = YES;
				CLANG_WARN_DIRECT_OBJC_ISA_USAGE = YES_ERROR;
				CLANG_WARN_DOCUMENTATION_COMMENTS = YES;
				CLANG_WARN_EMPTY_BODY = YES;
				CLANG_WARN_ENUM_CONVERSION = YES;
				CLANG_WARN_INFINITE_RECURSION = YES;
				CLANG_WARN_INT_CONVERSION = YES;
				CLANG_WARN_NON_LITERAL_NULL_CONVERSION = YES;
				CLANG_WARN_OBJC_IMPLICIT_RETAIN_SELF = YES;
				CLANG_WARN_OBJC_LITERAL_CONVERSION = YES;
				CLANG_WARN_OBJC_ROOT_CLASS = YES_ERROR;
				CLANG_WARN_QUOTED_INCLUDE_IN_FRAMEWORK_HEADER = YES;
				CLANG_WARN_RANGE_LOOP_ANALYSIS = YES;
				CLANG_WARN_STRICT_PROTOTYPES = YES;
				CLANG_WARN_SUSPICIOUS_MOVE = YES;
				CLANG_WARN_UNGUARDED_AVAILABILITY = YES_AGGRESSIVE;
				CLANG_WARN_UNREACHABLE_CODE = YES;
				CLANG_WARN__DUPLICATE_METHOD_MATCH = YES;
				COPY_PHASE_STRIP = NO;
				DEBUG_INFORMATION_FORMAT = "dwarf-with-dsym";
				ENABLE_NS_ASSERTIONS = NO;
				ENABLE_STRICT_OBJC_MSGSEND = YES;
				ENABLE_USER_SCRIPT_SANDBOXING = YES;
				GCC_C_LANGUAGE_STANDARD = gnu17;
				GCC_NO_COMMON_BLOCKS = YES;
				GCC_WARN_64_TO_32_BIT_CONVERSION = YES;
				GCC_WARN_ABOUT_RETURN_TYPE = YES_ERROR;
				GCC_WARN_UNDECLARED_SELECTOR = YES;
				GCC_WARN_UNINITIALIZED_AUTOS = YES_AGGRESSIVE;
				GCC_WARN_UNUSED_FUNCTION = YES;
				GCC_WARN_UNUSED_VARIABLE = YES;
				IPHONEOS_DEPLOYMENT_TARGET = 17.0;
				LOCALIZATION_PREFERS_STRING_CATALOGS = YES;
				MTL_ENABLE_DEBUG_INFO = NO;
				MTL_FAST_MATH = YES;
				SDKROOT = iphoneos;
				SWIFT_COMPILATION_MODE = wholemodule;
				VALIDATE_PRODUCT = YES;
			};
			name = Release;
		};
		9BC3972B2BCD418A00FCFAEA /* Debug */ = {
			isa = XCBuildConfiguration;
			buildSettings = {
				ASSETCATALOG_COMPILER_APPICON_NAME = AppIcon;
				ASSETCATALOG_COMPILER_GLOBAL_ACCENT_COLOR_NAME = AccentColor;
				CODE_SIGN_STYLE = Automatic;
				CURRENT_PROJECT_VERSION = 1;
				DEVELOPMENT_TEAM = WPX8MV29XR;
				GENERATE_INFOPLIST_FILE = YES;
				INFOPLIST_FILE = "re:moti/Info.plist";
				INFOPLIST_KEY_UIApplicationSupportsIndirectInputEvents = YES;
				INFOPLIST_KEY_UILaunchStoryboardName = LaunchScreen;
				INFOPLIST_KEY_UIMainStoryboardFile = Main;
				INFOPLIST_KEY_UISupportedInterfaceOrientations_iPad = "UIInterfaceOrientationPortrait UIInterfaceOrientationPortraitUpsideDown UIInterfaceOrientationLandscapeLeft UIInterfaceOrientationLandscapeRight";
				INFOPLIST_KEY_UISupportedInterfaceOrientations_iPhone = "UIInterfaceOrientationPortrait UIInterfaceOrientationLandscapeLeft UIInterfaceOrientationLandscapeRight";
				LD_RUNPATH_SEARCH_PATHS = (
					"$(inherited)",
					"@executable_path/Frameworks",
				);
				MARKETING_VERSION = 1.0;
				PRODUCT_BUNDLE_IDENTIFIER = "com.jeongju9216.re-moti";
				PRODUCT_NAME = "$(TARGET_NAME)";
				SWIFT_EMIT_LOC_STRINGS = YES;
				SWIFT_VERSION = 5.0;
				TARGETED_DEVICE_FAMILY = "1,2";
			};
			name = Debug;
		};
		9BC3972C2BCD418A00FCFAEA /* Release */ = {
			isa = XCBuildConfiguration;
			buildSettings = {
				ASSETCATALOG_COMPILER_APPICON_NAME = AppIcon;
				ASSETCATALOG_COMPILER_GLOBAL_ACCENT_COLOR_NAME = AccentColor;
				CODE_SIGN_STYLE = Automatic;
				CURRENT_PROJECT_VERSION = 1;
				DEVELOPMENT_TEAM = WPX8MV29XR;
				GENERATE_INFOPLIST_FILE = YES;
				INFOPLIST_FILE = "re:moti/Info.plist";
				INFOPLIST_KEY_UIApplicationSupportsIndirectInputEvents = YES;
				INFOPLIST_KEY_UILaunchStoryboardName = LaunchScreen;
				INFOPLIST_KEY_UIMainStoryboardFile = Main;
				INFOPLIST_KEY_UISupportedInterfaceOrientations_iPad = "UIInterfaceOrientationPortrait UIInterfaceOrientationPortraitUpsideDown UIInterfaceOrientationLandscapeLeft UIInterfaceOrientationLandscapeRight";
				INFOPLIST_KEY_UISupportedInterfaceOrientations_iPhone = "UIInterfaceOrientationPortrait UIInterfaceOrientationLandscapeLeft UIInterfaceOrientationLandscapeRight";
				LD_RUNPATH_SEARCH_PATHS = (
					"$(inherited)",
					"@executable_path/Frameworks",
				);
				MARKETING_VERSION = 1.0;
				PRODUCT_BUNDLE_IDENTIFIER = "com.jeongju9216.re-moti";
				PRODUCT_NAME = "$(TARGET_NAME)";
				SWIFT_EMIT_LOC_STRINGS = YES;
				SWIFT_VERSION = 5.0;
				TARGETED_DEVICE_FAMILY = "1,2";
			};
			name = Release;
		};
		9BC3972E2BCD418A00FCFAEA /* Debug */ = {
			isa = XCBuildConfiguration;
			buildSettings = {
				ALWAYS_EMBED_SWIFT_STANDARD_LIBRARIES = YES;
				BUNDLE_LOADER = "$(TEST_HOST)";
				CODE_SIGN_STYLE = Automatic;
				CURRENT_PROJECT_VERSION = 1;
				DEVELOPMENT_TEAM = WPX8MV29XR;
				GENERATE_INFOPLIST_FILE = YES;
				IPHONEOS_DEPLOYMENT_TARGET = 17.0;
				MARKETING_VERSION = 1.0;
				PRODUCT_BUNDLE_IDENTIFIER = "com.jeongju9216.re-motiTests";
				PRODUCT_NAME = "$(TARGET_NAME)";
				SWIFT_EMIT_LOC_STRINGS = NO;
				SWIFT_VERSION = 5.0;
				TARGETED_DEVICE_FAMILY = "1,2";
				TEST_HOST = "$(BUILT_PRODUCTS_DIR)/re:moti.app/$(BUNDLE_EXECUTABLE_FOLDER_PATH)/re:moti";
			};
			name = Debug;
		};
		9BC3972F2BCD418A00FCFAEA /* Release */ = {
			isa = XCBuildConfiguration;
			buildSettings = {
				ALWAYS_EMBED_SWIFT_STANDARD_LIBRARIES = YES;
				BUNDLE_LOADER = "$(TEST_HOST)";
				CODE_SIGN_STYLE = Automatic;
				CURRENT_PROJECT_VERSION = 1;
				DEVELOPMENT_TEAM = WPX8MV29XR;
				GENERATE_INFOPLIST_FILE = YES;
				IPHONEOS_DEPLOYMENT_TARGET = 17.0;
				MARKETING_VERSION = 1.0;
				PRODUCT_BUNDLE_IDENTIFIER = "com.jeongju9216.re-motiTests";
				PRODUCT_NAME = "$(TARGET_NAME)";
				SWIFT_EMIT_LOC_STRINGS = NO;
				SWIFT_VERSION = 5.0;
				TARGETED_DEVICE_FAMILY = "1,2";
				TEST_HOST = "$(BUILT_PRODUCTS_DIR)/re:moti.app/$(BUNDLE_EXECUTABLE_FOLDER_PATH)/re:moti";
			};
			name = Release;
		};
		9BC397312BCD418A00FCFAEA /* Debug */ = {
			isa = XCBuildConfiguration;
			buildSettings = {
				ALWAYS_EMBED_SWIFT_STANDARD_LIBRARIES = YES;
				CODE_SIGN_STYLE = Automatic;
				CURRENT_PROJECT_VERSION = 1;
				DEVELOPMENT_TEAM = WPX8MV29XR;
				GENERATE_INFOPLIST_FILE = YES;
				MARKETING_VERSION = 1.0;
				PRODUCT_BUNDLE_IDENTIFIER = "com.jeongju9216.re-motiUITests";
				PRODUCT_NAME = "$(TARGET_NAME)";
				SWIFT_EMIT_LOC_STRINGS = NO;
				SWIFT_VERSION = 5.0;
				TARGETED_DEVICE_FAMILY = "1,2";
				TEST_TARGET_NAME = "re:moti";
			};
			name = Debug;
		};
		9BC397322BCD418A00FCFAEA /* Release */ = {
			isa = XCBuildConfiguration;
			buildSettings = {
				ALWAYS_EMBED_SWIFT_STANDARD_LIBRARIES = YES;
				CODE_SIGN_STYLE = Automatic;
				CURRENT_PROJECT_VERSION = 1;
				DEVELOPMENT_TEAM = WPX8MV29XR;
				GENERATE_INFOPLIST_FILE = YES;
				MARKETING_VERSION = 1.0;
				PRODUCT_BUNDLE_IDENTIFIER = "com.jeongju9216.re-motiUITests";
				PRODUCT_NAME = "$(TARGET_NAME)";
				SWIFT_EMIT_LOC_STRINGS = NO;
				SWIFT_VERSION = 5.0;
				TARGETED_DEVICE_FAMILY = "1,2";
				TEST_TARGET_NAME = "re:moti";
			};
			name = Release;
		};
/* End XCBuildConfiguration section */

/* Begin XCConfigurationList section */
		9BC396FB2BCD418900FCFAEA /* Build configuration list for PBXProject "re:moti" */ = {
			isa = XCConfigurationList;
			buildConfigurations = (
				9BC397282BCD418A00FCFAEA /* Debug */,
				9BC397292BCD418A00FCFAEA /* Release */,
			);
			defaultConfigurationIsVisible = 0;
			defaultConfigurationName = Release;
		};
		9BC3972A2BCD418A00FCFAEA /* Build configuration list for PBXNativeTarget "re:moti" */ = {
			isa = XCConfigurationList;
			buildConfigurations = (
				9BC3972B2BCD418A00FCFAEA /* Debug */,
				9BC3972C2BCD418A00FCFAEA /* Release */,
			);
			defaultConfigurationIsVisible = 0;
			defaultConfigurationName = Release;
		};
		9BC3972D2BCD418A00FCFAEA /* Build configuration list for PBXNativeTarget "re:motiTests" */ = {
			isa = XCConfigurationList;
			buildConfigurations = (
				9BC3972E2BCD418A00FCFAEA /* Debug */,
				9BC3972F2BCD418A00FCFAEA /* Release */,
			);
			defaultConfigurationIsVisible = 0;
			defaultConfigurationName = Release;
		};
		9BC397302BCD418A00FCFAEA /* Build configuration list for PBXNativeTarget "re:motiUITests" */ = {
			isa = XCConfigurationList;
			buildConfigurations = (
				9BC397312BCD418A00FCFAEA /* Debug */,
				9BC397322BCD418A00FCFAEA /* Release */,
			);
			defaultConfigurationIsVisible = 0;
			defaultConfigurationName = Release;
		};
/* End XCConfigurationList section */
	};
	rootObject = 9BC396F82BCD418900FCFAEA /* Project object */;
}
